
Microsoft Visual Studio Solution File, Format Version 12.00
# Visual Studio Version 17
VisualStudioVersion = 17.7.34221.43
MinimumVisualStudioVersion = 10.0.40219.1
Project("{FAE04EC0-301F-11D3-BF4B-00C04F79EFBC}") = "WPFGenericHost2", "WPFGenericHost2\WPFGenericHost2.csproj", "{BE4DB68F-F201-47BE-9C6F-4F9B5C110787}"
EndProject
Global
	GlobalSection(SolutionConfigurationPlatforms) = preSolution
		Debug|Any CPU = Debug|Any CPU
		Release|Any CPU = Release|Any CPU
	EndGlobalSection
	GlobalSection(ProjectConfigurationPlatforms) = postSolution
		{BE4DB68F-F201-47BE-9C6F-4F9B5C110787}.Debug|Any CPU.ActiveCfg = Debug|Any CPU
		{BE4DB68F-F201-47BE-9C6F-4F9B5C110787}.Debug|Any CPU.Build.0 = Debug|Any CPU
		{BE4DB68F-F201-47BE-9C6F-4F9B5C110787}.Release|Any CPU.ActiveCfg = Release|Any CPU
		{BE4DB68F-F201-47BE-9C6F-4F9B5C110787}.Release|Any CPU.Build.0 = Release|Any CPU
	EndGlobalSection
	GlobalSection(SolutionProperties) = preSolution
		HideSolutionNode = FALSE
	EndGlobalSection
	GlobalSection(ExtensibilityGlobals) = postSolution
		SolutionGuid = {411AE269-2B9F-42CE-A12C-E22894B8CA17}
	EndGlobalSection
EndGlobal
